
Microsoft Visual Studio Solution File, Format Version 12.00
# Visual Studio Version 17
VisualStudioVersion = 17.7.34031.279
MinimumVisualStudioVersion = 10.0.40219.1
Project("{FAE04EC0-301F-11D3-BF4B-00C04F79EFBC}") = "CandyStore", "CandyStore\CandyStore.csproj", "{E8DF5A46-9E49-4E39-93A6-0529E8A9F9DB}"
EndProject
Global
	GlobalSection(SolutionConfigurationPlatforms) = preSolution
		Debug|Any CPU = Debug|Any CPU
		Release|Any CPU = Release|Any CPU
	EndGlobalSection
	GlobalSection(ProjectConfigurationPlatforms) = postSolution
		{E8DF5A46-9E49-4E39-93A6-0529E8A9F9DB}.Debug|Any CPU.ActiveCfg = Debug|Any CPU
		{E8DF5A46-9E49-4E39-93A6-0529E8A9F9DB}.Debug|Any CPU.Build.0 = Debug|Any CPU
		{E8DF5A46-9E49-4E39-93A6-0529E8A9F9DB}.Release|Any CPU.ActiveCfg = Release|Any CPU
		{E8DF5A46-9E49-4E39-93A6-0529E8A9F9DB}.Release|Any CPU.Build.0 = Release|Any CPU
	EndGlobalSection
	GlobalSection(SolutionProperties) = preSolution
		HideSolutionNode = FALSE
	EndGlobalSection
	GlobalSection(ExtensibilityGlobals) = postSolution
		SolutionGuid = {59337F46-480A-4BAD-8A2B-76FB1EBE3C3C}
	EndGlobalSection
EndGlobal
